
Microsoft Visual Studio Solution File, Format Version 12.00
# Visual Studio 15
VisualStudioVersion = 15.0.28307.168
MinimumVisualStudioVersion = 10.0.40219.1
Project("{FAE04EC0-301F-11D3-BF4B-00C04F79EFBC}") = "Invoiicer", "Invoiicer\Invoiicer.csproj", "{FBFA641E-4666-48F8-BAED-DC34B62D2543}"
EndProject
Global
	GlobalSection(SolutionConfigurationPlatforms) = preSolution
		Debug|Any CPU = Debug|Any CPU
		Release|Any CPU = Release|Any CPU
	EndGlobalSection
	GlobalSection(ProjectConfigurationPlatforms) = postSolution
		{FBFA641E-4666-48F8-BAED-DC34B62D2543}.Debug|Any CPU.ActiveCfg = Debug|Any CPU
		{FBFA641E-4666-48F8-BAED-DC34B62D2543}.Debug|Any CPU.Build.0 = Debug|Any CPU
		{FBFA641E-4666-48F8-BAED-DC34B62D2543}.Release|Any CPU.ActiveCfg = Release|Any CPU
		{FBFA641E-4666-48F8-BAED-DC34B62D2543}.Release|Any CPU.Build.0 = Release|Any CPU
	EndGlobalSection
	GlobalSection(SolutionProperties) = preSolution
		HideSolutionNode = FALSE
	EndGlobalSection
	GlobalSection(ExtensibilityGlobals) = postSolution
		SolutionGuid = {A017A419-8239-49CC-8534-1A07B9FEC643}
	EndGlobalSection
EndGlobal
