
Microsoft Visual Studio Solution File, Format Version 12.00
# Visual Studio 15
VisualStudioVersion = 15.0.28307.168
MinimumVisualStudioVersion = 10.0.40219.1
Project("{FAE04EC0-301F-11D3-BF4B-00C04F79EFBC}") = "Invoicer.Backend", "Invoiicer\Invoicer.Backend.csproj", "{FBFA641E-4666-48F8-BAED-DC34B62D2543}"
EndProject
Project("{FAE04EC0-301F-11D3-BF4B-00C04F79EFBC}") = "InvoicerConsole", "InvoiicerConsole\InvoicerConsole.csproj", "{DDD4BE8A-5B1E-43A7-98C3-C0923027A81E}"
EndProject
Project("{FAE04EC0-301F-11D3-BF4B-00C04F79EFBC}") = "Invoicer.Frontend", "Invoicer.Frontend\Invoicer.Frontend.csproj", "{464F4033-B21A-46CB-A763-E50A84B4E022}"
EndProject
Global
	GlobalSection(SolutionConfigurationPlatforms) = preSolution
		Debug|Any CPU = Debug|Any CPU
		Release|Any CPU = Release|Any CPU
	EndGlobalSection
	GlobalSection(ProjectConfigurationPlatforms) = postSolution
		{FBFA641E-4666-48F8-BAED-DC34B62D2543}.Debug|Any CPU.ActiveCfg = Debug|Any CPU
		{FBFA641E-4666-48F8-BAED-DC34B62D2543}.Debug|Any CPU.Build.0 = Debug|Any CPU
		{FBFA641E-4666-48F8-BAED-DC34B62D2543}.Release|Any CPU.ActiveCfg = Release|Any CPU
		{FBFA641E-4666-48F8-BAED-DC34B62D2543}.Release|Any CPU.Build.0 = Release|Any CPU
		{DDD4BE8A-5B1E-43A7-98C3-C0923027A81E}.Debug|Any CPU.ActiveCfg = Debug|Any CPU
		{DDD4BE8A-5B1E-43A7-98C3-C0923027A81E}.Debug|Any CPU.Build.0 = Debug|Any CPU
		{DDD4BE8A-5B1E-43A7-98C3-C0923027A81E}.Release|Any CPU.ActiveCfg = Release|Any CPU
		{DDD4BE8A-5B1E-43A7-98C3-C0923027A81E}.Release|Any CPU.Build.0 = Release|Any CPU
		{464F4033-B21A-46CB-A763-E50A84B4E022}.Debug|Any CPU.ActiveCfg = Debug|Any CPU
		{464F4033-B21A-46CB-A763-E50A84B4E022}.Debug|Any CPU.Build.0 = Debug|Any CPU
		{464F4033-B21A-46CB-A763-E50A84B4E022}.Release|Any CPU.ActiveCfg = Release|Any CPU
		{464F4033-B21A-46CB-A763-E50A84B4E022}.Release|Any CPU.Build.0 = Release|Any CPU
	EndGlobalSection
	GlobalSection(SolutionProperties) = preSolution
		HideSolutionNode = FALSE
	EndGlobalSection
	GlobalSection(ExtensibilityGlobals) = postSolution
		SolutionGuid = {A017A419-8239-49CC-8534-1A07B9FEC643}
	EndGlobalSection
EndGlobal
